
Microsoft Visual Studio Solution File, Format Version 12.00
# Visual Studio Version 17
VisualStudioVersion = 17.12.35527.113
MinimumVisualStudioVersion = 10.0.40219.1
Project("{FAE04EC0-301F-11D3-BF4B-00C04F79EFBC}") = "AzureStudents.Api", "AzureStudents.Api\AzureStudents.Api.csproj", "{D0A3BED5-5ADA-4C32-BB31-FD15E9A154A7}"
EndProject
Project("{FAE04EC0-301F-11D3-BF4B-00C04F79EFBC}") = "AzureStudents.Data", "AzureStudents.Data\AzureStudents.Data.csproj", "{38587F60-DF1E-4BF0-98F5-4E868352AD1C}"
EndProject
Project("{FAE04EC0-301F-11D3-BF4B-00C04F79EFBC}") = "AzureStudents.Shared", "AzureStudents.Shared\AzureStudents.Shared.csproj", "{4F1BF456-AC7F-48AA-A45B-58FC98162466}"
EndProject
Project("{FAE04EC0-301F-11D3-BF4B-00C04F79EFBC}") = "AzureStudents.Blazor", "AzureStudents.Blazor\AzureStudents.Blazor.csproj", "{A1D452B6-9A84-49BF-B680-60B93A9DC4FF}"
EndProject
Project("{FAE04EC0-301F-11D3-BF4B-00C04F79EFBC}") = "AzureStudents.Test", "AzureStudents.Test\AzureStudents.Test.csproj", "{375A6F60-8D78-432E-B12A-6D8184669446}"
EndProject
Global
	GlobalSection(SolutionConfigurationPlatforms) = preSolution
		Debug|Any CPU = Debug|Any CPU
		Release|Any CPU = Release|Any CPU
	EndGlobalSection
	GlobalSection(ProjectConfigurationPlatforms) = postSolution
		{D0A3BED5-5ADA-4C32-BB31-FD15E9A154A7}.Debug|Any CPU.ActiveCfg = Debug|Any CPU
		{D0A3BED5-5ADA-4C32-BB31-FD15E9A154A7}.Debug|Any CPU.Build.0 = Debug|Any CPU
		{D0A3BED5-5ADA-4C32-BB31-FD15E9A154A7}.Release|Any CPU.ActiveCfg = Release|Any CPU
		{D0A3BED5-5ADA-4C32-BB31-FD15E9A154A7}.Release|Any CPU.Build.0 = Release|Any CPU
		{38587F60-DF1E-4BF0-98F5-4E868352AD1C}.Debug|Any CPU.ActiveCfg = Debug|Any CPU
		{38587F60-DF1E-4BF0-98F5-4E868352AD1C}.Debug|Any CPU.Build.0 = Debug|Any CPU
		{38587F60-DF1E-4BF0-98F5-4E868352AD1C}.Release|Any CPU.ActiveCfg = Release|Any CPU
		{38587F60-DF1E-4BF0-98F5-4E868352AD1C}.Release|Any CPU.Build.0 = Release|Any CPU
		{4F1BF456-AC7F-48AA-A45B-58FC98162466}.Debug|Any CPU.ActiveCfg = Debug|Any CPU
		{4F1BF456-AC7F-48AA-A45B-58FC98162466}.Debug|Any CPU.Build.0 = Debug|Any CPU
		{4F1BF456-AC7F-48AA-A45B-58FC98162466}.Release|Any CPU.ActiveCfg = Release|Any CPU
		{4F1BF456-AC7F-48AA-A45B-58FC98162466}.Release|Any CPU.Build.0 = Release|Any CPU
		{A1D452B6-9A84-49BF-B680-60B93A9DC4FF}.Debug|Any CPU.ActiveCfg = Debug|Any CPU
		{A1D452B6-9A84-49BF-B680-60B93A9DC4FF}.Debug|Any CPU.Build.0 = Debug|Any CPU
		{A1D452B6-9A84-49BF-B680-60B93A9DC4FF}.Release|Any CPU.ActiveCfg = Release|Any CPU
		{A1D452B6-9A84-49BF-B680-60B93A9DC4FF}.Release|Any CPU.Build.0 = Release|Any CPU
		{375A6F60-8D78-432E-B12A-6D8184669446}.Debug|Any CPU.ActiveCfg = Debug|Any CPU
		{375A6F60-8D78-432E-B12A-6D8184669446}.Debug|Any CPU.Build.0 = Debug|Any CPU
		{375A6F60-8D78-432E-B12A-6D8184669446}.Release|Any CPU.ActiveCfg = Release|Any CPU
		{375A6F60-8D78-432E-B12A-6D8184669446}.Release|Any CPU.Build.0 = Release|Any CPU
	EndGlobalSection
	GlobalSection(SolutionProperties) = preSolution
		HideSolutionNode = FALSE
	EndGlobalSection
EndGlobal
